// !$*UTF8*$!
{
	archiveVersion = 1;
	classes = {
	};
	objectVersion = 46;
	objects = {

/* Begin PBXBuildFile section */
		69FA19EB1DD280B200A1E256 /* TeamData.swift in Sources */ = {isa = PBXBuildFile; fileRef = 69FA19EA1DD280B200A1E256 /* TeamData.swift */; };
		69FADB3D1DC95E3100D698C1 /* GoogleService-Info.plist in Resources */ = {isa = PBXBuildFile; fileRef = 69FADB3C1DC95E3100D698C1 /* GoogleService-Info.plist */; };
		753A55C31BB073E900254F27 /* AppDelegate.swift in Sources */ = {isa = PBXBuildFile; fileRef = 753A55C21BB073E900254F27 /* AppDelegate.swift */; };
		753A55C81BB073E900254F27 /* Main.storyboard in Resources */ = {isa = PBXBuildFile; fileRef = 753A55C61BB073E900254F27 /* Main.storyboard */; };
		753A55CA1BB073E900254F27 /* Images.xcassets in Resources */ = {isa = PBXBuildFile; fileRef = 753A55C91BB073E900254F27 /* Images.xcassets */; };
		753A55CD1BB073E900254F27 /* LaunchScreen.xib in Resources */ = {isa = PBXBuildFile; fileRef = 753A55CB1BB073E900254F27 /* LaunchScreen.xib */; };
		753A55E31BB0753B00254F27 /* MenuViewController.swift in Sources */ = {isa = PBXBuildFile; fileRef = 753A55E21BB0753B00254F27 /* MenuViewController.swift */; };
		753A55E51BB0755100254F27 /* BaseViewController.swift in Sources */ = {isa = PBXBuildFile; fileRef = 753A55E41BB0755100254F27 /* BaseViewController.swift */; };
		B4210B35C43DE684EA676CFD /* Pods_ScoutingDataViewer.framework in Frameworks */ = {isa = PBXBuildFile; fileRef = B01CAF9EF1DDB7EB056027BE /* Pods_ScoutingDataViewer.framework */; };
		C6EEF9F61CB7E2AD00A3DC6D /* TeamVC.swift in Sources */ = {isa = PBXBuildFile; fileRef = C6EEF9F51CB7E2AD00A3DC6D /* TeamVC.swift */; };
		C6EEF9F81CB7E4E000A3DC6D /* HomeVC.swift in Sources */ = {isa = PBXBuildFile; fileRef = C6EEF9F71CB7E4E000A3DC6D /* HomeVC.swift */; };
/* End PBXBuildFile section */

/* Begin PBXFileReference section */
		18A8EA753E32ED2437698C94 /* Pods-ScoutingDataViewer.release.xcconfig */ = {isa = PBXFileReference; includeInIndex = 1; lastKnownFileType = text.xcconfig; name = "Pods-ScoutingDataViewer.release.xcconfig"; path = "Pods/Target Support Files/Pods-ScoutingDataViewer/Pods-ScoutingDataViewer.release.xcconfig"; sourceTree = "<group>"; };
		69FA19EA1DD280B200A1E256 /* TeamData.swift */ = {isa = PBXFileReference; fileEncoding = 4; lastKnownFileType = sourcecode.swift; path = TeamData.swift; sourceTree = "<group>"; };
		69FADB3C1DC95E3100D698C1 /* GoogleService-Info.plist */ = {isa = PBXFileReference; fileEncoding = 4; lastKnownFileType = text.plist.xml; path = "GoogleService-Info.plist"; sourceTree = "<group>"; };
		753A55BD1BB073E900254F27 /* ScoutingDataViewer.app */ = {isa = PBXFileReference; explicitFileType = wrapper.application; includeInIndex = 0; path = ScoutingDataViewer.app; sourceTree = BUILT_PRODUCTS_DIR; };
		753A55C11BB073E900254F27 /* Info.plist */ = {isa = PBXFileReference; lastKnownFileType = text.plist.xml; path = Info.plist; sourceTree = "<group>"; };
		753A55C21BB073E900254F27 /* AppDelegate.swift */ = {isa = PBXFileReference; lastKnownFileType = sourcecode.swift; path = AppDelegate.swift; sourceTree = "<group>"; };
		753A55C71BB073E900254F27 /* Base */ = {isa = PBXFileReference; lastKnownFileType = file.storyboard; name = Base; path = Base.lproj/Main.storyboard; sourceTree = "<group>"; };
		753A55C91BB073E900254F27 /* Images.xcassets */ = {isa = PBXFileReference; lastKnownFileType = folder.assetcatalog; path = Images.xcassets; sourceTree = "<group>"; };
		753A55CC1BB073E900254F27 /* Base */ = {isa = PBXFileReference; lastKnownFileType = file.xib; name = Base; path = Base.lproj/LaunchScreen.xib; sourceTree = "<group>"; };
		753A55E21BB0753B00254F27 /* MenuViewController.swift */ = {isa = PBXFileReference; fileEncoding = 4; lastKnownFileType = sourcecode.swift; path = MenuViewController.swift; sourceTree = "<group>"; };
		753A55E41BB0755100254F27 /* BaseViewController.swift */ = {isa = PBXFileReference; fileEncoding = 4; lastKnownFileType = sourcecode.swift; path = BaseViewController.swift; sourceTree = "<group>"; };
		A82E2A71C91FA740732222E0 /* Pods-ScoutingDataViewer.debug.xcconfig */ = {isa = PBXFileReference; includeInIndex = 1; lastKnownFileType = text.xcconfig; name = "Pods-ScoutingDataViewer.debug.xcconfig"; path = "Pods/Target Support Files/Pods-ScoutingDataViewer/Pods-ScoutingDataViewer.debug.xcconfig"; sourceTree = "<group>"; };
		B01CAF9EF1DDB7EB056027BE /* Pods_ScoutingDataViewer.framework */ = {isa = PBXFileReference; explicitFileType = wrapper.framework; includeInIndex = 0; path = Pods_ScoutingDataViewer.framework; sourceTree = BUILT_PRODUCTS_DIR; };
		C6EEF9F51CB7E2AD00A3DC6D /* TeamVC.swift */ = {isa = PBXFileReference; fileEncoding = 4; lastKnownFileType = sourcecode.swift; path = TeamVC.swift; sourceTree = "<group>"; };
		C6EEF9F71CB7E4E000A3DC6D /* HomeVC.swift */ = {isa = PBXFileReference; fileEncoding = 4; lastKnownFileType = sourcecode.swift; path = HomeVC.swift; sourceTree = "<group>"; };
/* End PBXFileReference section */

/* Begin PBXFrameworksBuildPhase section */
		753A55BA1BB073E900254F27 /* Frameworks */ = {
			isa = PBXFrameworksBuildPhase;
			buildActionMask = 2147483647;
			files = (
				B4210B35C43DE684EA676CFD /* Pods_ScoutingDataViewer.framework in Frameworks */,
			);
			runOnlyForDeploymentPostprocessing = 0;
		};
/* End PBXFrameworksBuildPhase section */

/* Begin PBXGroup section */
		26BC49DC1544B72465DC5F6A /* Pods */ = {
			isa = PBXGroup;
			children = (
				A82E2A71C91FA740732222E0 /* Pods-ScoutingDataViewer.debug.xcconfig */,
				18A8EA753E32ED2437698C94 /* Pods-ScoutingDataViewer.release.xcconfig */,
			);
			name = Pods;
			sourceTree = "<group>";
		};
		696F8A644A59A977AC3EF4FF /* Frameworks */ = {
			isa = PBXGroup;
			children = (
				B01CAF9EF1DDB7EB056027BE /* Pods_ScoutingDataViewer.framework */,
			);
			name = Frameworks;
			sourceTree = "<group>";
		};
		753A55B41BB073E900254F27 = {
			isa = PBXGroup;
			children = (
				753A55BF1BB073E900254F27 /* ScoutingDataViewer */,
				753A55BE1BB073E900254F27 /* Products */,
				26BC49DC1544B72465DC5F6A /* Pods */,
				696F8A644A59A977AC3EF4FF /* Frameworks */,
			);
			sourceTree = "<group>";
		};
		753A55BE1BB073E900254F27 /* Products */ = {
			isa = PBXGroup;
			children = (
				753A55BD1BB073E900254F27 /* ScoutingDataViewer.app */,
			);
			name = Products;
			sourceTree = "<group>";
		};
		753A55BF1BB073E900254F27 /* ScoutingDataViewer */ = {
			isa = PBXGroup;
			children = (
				753A55C21BB073E900254F27 /* AppDelegate.swift */,
				C6EEF9F71CB7E4E000A3DC6D /* HomeVC.swift */,
				753A55E41BB0755100254F27 /* BaseViewController.swift */,
				69FA19EA1DD280B200A1E256 /* TeamData.swift */,
				753A55E21BB0753B00254F27 /* MenuViewController.swift */,
				C6EEF9F51CB7E2AD00A3DC6D /* TeamVC.swift */,
				753A55C61BB073E900254F27 /* Main.storyboard */,
				753A55C91BB073E900254F27 /* Images.xcassets */,
				753A55CB1BB073E900254F27 /* LaunchScreen.xib */,
				69FADB3C1DC95E3100D698C1 /* GoogleService-Info.plist */,
				753A55C01BB073E900254F27 /* Supporting Files */,
			);
			name = ScoutingDataViewer;
			path = AKSwiftSlideMenu;
			sourceTree = "<group>";
		};
		753A55C01BB073E900254F27 /* Supporting Files */ = {
			isa = PBXGroup;
			children = (
				753A55C11BB073E900254F27 /* Info.plist */,
			);
			name = "Supporting Files";
			sourceTree = "<group>";
		};
/* End PBXGroup section */

/* Begin PBXNativeTarget section */
		753A55BC1BB073E900254F27 /* ScoutingDataViewer */ = {
			isa = PBXNativeTarget;
			buildConfigurationList = 753A55DC1BB073E900254F27 /* Build configuration list for PBXNativeTarget "ScoutingDataViewer" */;
			buildPhases = (
				BECB5FCA22B0ED214E34303D /* [CP] Check Pods Manifest.lock */,
				753A55B91BB073E900254F27 /* Sources */,
				753A55BA1BB073E900254F27 /* Frameworks */,
				753A55BB1BB073E900254F27 /* Resources */,
				36A985FEFDD80302158D9181 /* [CP] Embed Pods Frameworks */,
				8404C23F10A8688BB7D3A0E5 /* [CP] Copy Pods Resources */,
			);
			buildRules = (
			);
			dependencies = (
			);
			name = ScoutingDataViewer;
			productName = AKSwiftSlideMenu;
			productReference = 753A55BD1BB073E900254F27 /* ScoutingDataViewer.app */;
			productType = "com.apple.product-type.application";
		};
/* End PBXNativeTarget section */

/* Begin PBXProject section */
		753A55B51BB073E900254F27 /* Project object */ = {
			isa = PBXProject;
			attributes = {
				LastSwiftMigration = 0700;
				LastSwiftUpdateCheck = 0700;
				LastUpgradeCheck = 0810;
				ORGANIZATIONNAME = Trevor;
				TargetAttributes = {
					753A55BC1BB073E900254F27 = {
						CreatedOnToolsVersion = 6.4;
						DevelopmentTeam = X45585L63R;
						LastSwiftMigration = 0800;
					};
				};
			};
			buildConfigurationList = 753A55B81BB073E900254F27 /* Build configuration list for PBXProject "ScoutingDataViewer" */;
			compatibilityVersion = "Xcode 3.2";
			developmentRegion = English;
			hasScannedForEncodings = 0;
			knownRegions = (
				en,
				Base,
			);
			mainGroup = 753A55B41BB073E900254F27;
			productRefGroup = 753A55BE1BB073E900254F27 /* Products */;
			projectDirPath = "";
			projectRoot = "";
			targets = (
				753A55BC1BB073E900254F27 /* ScoutingDataViewer */,
			);
		};
/* End PBXProject section */

/* Begin PBXResourcesBuildPhase section */
		753A55BB1BB073E900254F27 /* Resources */ = {
			isa = PBXResourcesBuildPhase;
			buildActionMask = 2147483647;
			files = (
				753A55C81BB073E900254F27 /* Main.storyboard in Resources */,
				69FADB3D1DC95E3100D698C1 /* GoogleService-Info.plist in Resources */,
				753A55CD1BB073E900254F27 /* LaunchScreen.xib in Resources */,
				753A55CA1BB073E900254F27 /* Images.xcassets in Resources */,
			);
			runOnlyForDeploymentPostprocessing = 0;
		};
/* End PBXResourcesBuildPhase section */

/* Begin PBXShellScriptBuildPhase section */
		36A985FEFDD80302158D9181 /* [CP] Embed Pods Frameworks */ = {
			isa = PBXShellScriptBuildPhase;
			buildActionMask = 2147483647;
			files = (
			);
			inputPaths = (
			);
			name = "[CP] Embed Pods Frameworks";
			outputPaths = (
			);
			runOnlyForDeploymentPostprocessing = 0;
			shellPath = /bin/sh;
			shellScript = "\"${SRCROOT}/Pods/Target Support Files/Pods-ScoutingDataViewer/Pods-ScoutingDataViewer-frameworks.sh\"\n";
			showEnvVarsInLog = 0;
		};
		8404C23F10A8688BB7D3A0E5 /* [CP] Copy Pods Resources */ = {
			isa = PBXShellScriptBuildPhase;
			buildActionMask = 2147483647;
			files = (
			);
			inputPaths = (
			);
			name = "[CP] Copy Pods Resources";
			outputPaths = (
			);
			runOnlyForDeploymentPostprocessing = 0;
			shellPath = /bin/sh;
			shellScript = "\"${SRCROOT}/Pods/Target Support Files/Pods-ScoutingDataViewer/Pods-ScoutingDataViewer-resources.sh\"\n";
			showEnvVarsInLog = 0;
		};
		BECB5FCA22B0ED214E34303D /* [CP] Check Pods Manifest.lock */ = {
			isa = PBXShellScriptBuildPhase;
			buildActionMask = 2147483647;
			files = (
			);
			inputPaths = (
			);
			name = "[CP] Check Pods Manifest.lock";
			outputPaths = (
			);
			runOnlyForDeploymentPostprocessing = 0;
			shellPath = /bin/sh;
			shellScript = "diff \"${PODS_ROOT}/../Podfile.lock\" \"${PODS_ROOT}/Manifest.lock\" > /dev/null\nif [ $? != 0 ] ; then\n    # print error to STDERR\n    echo \"error: The sandbox is not in sync with the Podfile.lock. Run 'pod install' or update your CocoaPods installation.\" >&2\n    exit 1\nfi\n";
			showEnvVarsInLog = 0;
		};
/* End PBXShellScriptBuildPhase section */

/* Begin PBXSourcesBuildPhase section */
		753A55B91BB073E900254F27 /* Sources */ = {
			isa = PBXSourcesBuildPhase;
			buildActionMask = 2147483647;
			files = (
				753A55E51BB0755100254F27 /* BaseViewController.swift in Sources */,
				C6EEF9F61CB7E2AD00A3DC6D /* TeamVC.swift in Sources */,
				C6EEF9F81CB7E4E000A3DC6D /* HomeVC.swift in Sources */,
				753A55E31BB0753B00254F27 /* MenuViewController.swift in Sources */,
				69FA19EB1DD280B200A1E256 /* TeamData.swift in Sources */,
				753A55C31BB073E900254F27 /* AppDelegate.swift in Sources */,
			);
			runOnlyForDeploymentPostprocessing = 0;
		};
/* End PBXSourcesBuildPhase section */

/* Begin PBXVariantGroup section */
		753A55C61BB073E900254F27 /* Main.storyboard */ = {
			isa = PBXVariantGroup;
			children = (
				753A55C71BB073E900254F27 /* Base */,
			);
			name = Main.storyboard;
			sourceTree = "<group>";
		};
		753A55CB1BB073E900254F27 /* LaunchScreen.xib */ = {
			isa = PBXVariantGroup;
			children = (
				753A55CC1BB073E900254F27 /* Base */,
			);
			name = LaunchScreen.xib;
			sourceTree = "<group>";
		};
/* End PBXVariantGroup section */

/* Begin XCBuildConfiguration section */
		753A55DA1BB073E900254F27 /* Debug */ = {
			isa = XCBuildConfiguration;
			buildSettings = {
				ALWAYS_SEARCH_USER_PATHS = NO;
				CLANG_CXX_LANGUAGE_STANDARD = "gnu++0x";
				CLANG_CXX_LIBRARY = "libc++";
				CLANG_ENABLE_MODULES = YES;
				CLANG_ENABLE_OBJC_ARC = YES;
				CLANG_WARN_BOOL_CONVERSION = YES;
				CLANG_WARN_CONSTANT_CONVERSION = YES;
				CLANG_WARN_DIRECT_OBJC_ISA_USAGE = YES_ERROR;
				CLANG_WARN_EMPTY_BODY = YES;
				CLANG_WARN_ENUM_CONVERSION = YES;
				CLANG_WARN_INFINITE_RECURSION = YES;
				CLANG_WARN_INT_CONVERSION = YES;
				CLANG_WARN_OBJC_ROOT_CLASS = YES_ERROR;
				CLANG_WARN_SUSPICIOUS_MOVE = YES;
				CLANG_WARN_UNREACHABLE_CODE = YES;
				CLANG_WARN__DUPLICATE_METHOD_MATCH = YES;
				"CODE_SIGN_IDENTITY[sdk=iphoneos*]" = "iPhone Developer";
				COPY_PHASE_STRIP = NO;
				DEBUG_INFORMATION_FORMAT = "dwarf-with-dsym";
				ENABLE_STRICT_OBJC_MSGSEND = YES;
				ENABLE_TESTABILITY = YES;
				GCC_C_LANGUAGE_STANDARD = gnu99;
				GCC_DYNAMIC_NO_PIC = NO;
				GCC_NO_COMMON_BLOCKS = YES;
				GCC_OPTIMIZATION_LEVEL = 0;
				GCC_PREPROCESSOR_DEFINITIONS = (
					"DEBUG=1",
					"$(inherited)",
				);
				GCC_SYMBOLS_PRIVATE_EXTERN = NO;
				GCC_WARN_64_TO_32_BIT_CONVERSION = YES;
				GCC_WARN_ABOUT_RETURN_TYPE = YES_ERROR;
				GCC_WARN_UNDECLARED_SELECTOR = YES;
				GCC_WARN_UNINITIALIZED_AUTOS = YES_AGGRESSIVE;
				GCC_WARN_UNUSED_FUNCTION = YES;
				GCC_WARN_UNUSED_VARIABLE = YES;
				IPHONEOS_DEPLOYMENT_TARGET = 8.4;
				MTL_ENABLE_DEBUG_INFO = YES;
				ONLY_ACTIVE_ARCH = YES;
				SDKROOT = iphoneos;
				SWIFT_OPTIMIZATION_LEVEL = "-Onone";
			};
			name = Debug;
		};
		753A55DB1BB073E900254F27 /* Release */ = {
			isa = XCBuildConfiguration;
			buildSettings = {
				ALWAYS_SEARCH_USER_PATHS = NO;
				CLANG_CXX_LANGUAGE_STANDARD = "gnu++0x";
				CLANG_CXX_LIBRARY = "libc++";
				CLANG_ENABLE_MODULES = YES;
				CLANG_ENABLE_OBJC_ARC = YES;
				CLANG_WARN_BOOL_CONVERSION = YES;
				CLANG_WARN_CONSTANT_CONVERSION = YES;
				CLANG_WARN_DIRECT_OBJC_ISA_USAGE = YES_ERROR;
				CLANG_WARN_EMPTY_BODY = YES;
				CLANG_WARN_ENUM_CONVERSION = YES;
				CLANG_WARN_INFINITE_RECURSION = YES;
				CLANG_WARN_INT_CONVERSION = YES;
				CLANG_WARN_OBJC_ROOT_CLASS = YES_ERROR;
				CLANG_WARN_SUSPICIOUS_MOVE = YES;
				CLANG_WARN_UNREACHABLE_CODE = YES;
				CLANG_WARN__DUPLICATE_METHOD_MATCH = YES;
				"CODE_SIGN_IDENTITY[sdk=iphoneos*]" = "iPhone Developer";
				COPY_PHASE_STRIP = NO;
				DEBUG_INFORMATION_FORMAT = "dwarf-with-dsym";
				ENABLE_NS_ASSERTIONS = NO;
				ENABLE_STRICT_OBJC_MSGSEND = YES;
				GCC_C_LANGUAGE_STANDARD = gnu99;
				GCC_NO_COMMON_BLOCKS = YES;
				GCC_WARN_64_TO_32_BIT_CONVERSION = YES;
				GCC_WARN_ABOUT_RETURN_TYPE = YES_ERROR;
				GCC_WARN_UNDECLARED_SELECTOR = YES;
				GCC_WARN_UNINITIALIZED_AUTOS = YES_AGGRESSIVE;
				GCC_WARN_UNUSED_FUNCTION = YES;
				GCC_WARN_UNUSED_VARIABLE = YES;
				IPHONEOS_DEPLOYMENT_TARGET = 8.4;
				MTL_ENABLE_DEBUG_INFO = NO;
				SDKROOT = iphoneos;
				VALIDATE_PRODUCT = YES;
			};
			name = Release;
		};
		753A55DD1BB073E900254F27 /* Debug */ = {
			isa = XCBuildConfiguration;
			baseConfigurationReference = A82E2A71C91FA740732222E0 /* Pods-ScoutingDataViewer.debug.xcconfig */;
			buildSettings = {
				ASSETCATALOG_COMPILER_APPICON_NAME = AppIcon;
				DEVELOPMENT_TEAM = X45585L63R;
				INFOPLIST_FILE = AKSwiftSlideMenu/Info.plist;
				LD_RUNPATH_SEARCH_PATHS = "$(inherited) @executable_path/Frameworks";
				PRODUCT_BUNDLE_IDENTIFIER = com.scoutingviewer.955;
				PRODUCT_NAME = "$(TARGET_NAME)";
				SWIFT_VERSION = 3.0;
			};
			name = Debug;
		};
		753A55DE1BB073E900254F27 /* Release */ = {
			isa = XCBuildConfiguration;
			baseConfigurationReference = 18A8EA753E32ED2437698C94 /* Pods-ScoutingDataViewer.release.xcconfig */;
			buildSettings = {
				ASSETCATALOG_COMPILER_APPICON_NAME = AppIcon;
				DEVELOPMENT_TEAM = X45585L63R;
				INFOPLIST_FILE = AKSwiftSlideMenu/Info.plist;
				LD_RUNPATH_SEARCH_PATHS = "$(inherited) @executable_path/Frameworks";
				PRODUCT_BUNDLE_IDENTIFIER = com.scoutingviewer.955;
				PRODUCT_NAME = "$(TARGET_NAME)";
				SWIFT_OPTIMIZATION_LEVEL = "-Owholemodule";
				SWIFT_VERSION = 3.0;
			};
			name = Release;
		};
/* End XCBuildConfiguration section */

/* Begin XCConfigurationList section */
		753A55B81BB073E900254F27 /* Build configuration list for PBXProject "ScoutingDataViewer" */ = {
			isa = XCConfigurationList;
			buildConfigurations = (
				753A55DA1BB073E900254F27 /* Debug */,
				753A55DB1BB073E900254F27 /* Release */,
			);
			defaultConfigurationIsVisible = 0;
			defaultConfigurationName = Release;
		};
		753A55DC1BB073E900254F27 /* Build configuration list for PBXNativeTarget "ScoutingDataViewer" */ = {
			isa = XCConfigurationList;
			buildConfigurations = (
				753A55DD1BB073E900254F27 /* Debug */,
				753A55DE1BB073E900254F27 /* Release */,
			);
			defaultConfigurationIsVisible = 0;
			defaultConfigurationName = Release;
		};
/* End XCConfigurationList section */
	};
	rootObject = 753A55B51BB073E900254F27 /* Project object */;
}
